
Microsoft Visual Studio Solution File, Format Version 12.00
# Visual Studio Version 17
VisualStudioVersion = 17.9.34622.214
MinimumVisualStudioVersion = 10.0.40219.1
Project("{FAE04EC0-301F-11D3-BF4B-00C04F79EFBC}") = "red social.Server", "Server\red social.Server.csproj", "{EA23C00A-124A-4833-B67D-0C918712F7D2}"
EndProject
Project("{FAE04EC0-301F-11D3-BF4B-00C04F79EFBC}") = "red social.Client", "Client\red social.Client.csproj", "{C4860C87-D01A-4C59-B64F-364A897AFC29}"
EndProject
Project("{FAE04EC0-301F-11D3-BF4B-00C04F79EFBC}") = "red social.Shared", "Shared\red social.Shared.csproj", "{5D2E9EFA-92A8-4E50-83E2-A4676BADB31E}"
EndProject
Global
	GlobalSection(SolutionConfigurationPlatforms) = preSolution
		Debug|Any CPU = Debug|Any CPU
		Release|Any CPU = Release|Any CPU
	EndGlobalSection
	GlobalSection(ProjectConfigurationPlatforms) = postSolution
		{EA23C00A-124A-4833-B67D-0C918712F7D2}.Debug|Any CPU.ActiveCfg = Debug|Any CPU
		{EA23C00A-124A-4833-B67D-0C918712F7D2}.Debug|Any CPU.Build.0 = Debug|Any CPU
		{EA23C00A-124A-4833-B67D-0C918712F7D2}.Release|Any CPU.ActiveCfg = Release|Any CPU
		{EA23C00A-124A-4833-B67D-0C918712F7D2}.Release|Any CPU.Build.0 = Release|Any CPU
		{C4860C87-D01A-4C59-B64F-364A897AFC29}.Debug|Any CPU.ActiveCfg = Debug|Any CPU
		{C4860C87-D01A-4C59-B64F-364A897AFC29}.Debug|Any CPU.Build.0 = Debug|Any CPU
		{C4860C87-D01A-4C59-B64F-364A897AFC29}.Release|Any CPU.ActiveCfg = Release|Any CPU
		{C4860C87-D01A-4C59-B64F-364A897AFC29}.Release|Any CPU.Build.0 = Release|Any CPU
		{5D2E9EFA-92A8-4E50-83E2-A4676BADB31E}.Debug|Any CPU.ActiveCfg = Debug|Any CPU
		{5D2E9EFA-92A8-4E50-83E2-A4676BADB31E}.Debug|Any CPU.Build.0 = Debug|Any CPU
		{5D2E9EFA-92A8-4E50-83E2-A4676BADB31E}.Release|Any CPU.ActiveCfg = Release|Any CPU
		{5D2E9EFA-92A8-4E50-83E2-A4676BADB31E}.Release|Any CPU.Build.0 = Release|Any CPU
	EndGlobalSection
	GlobalSection(SolutionProperties) = preSolution
		HideSolutionNode = FALSE
	EndGlobalSection
	GlobalSection(ExtensibilityGlobals) = postSolution
		SolutionGuid = {4104DE07-68F2-4420-AF95-CB72D6970A17}
	EndGlobalSection
EndGlobal
